// !$*UTF8*$!
{
	archiveVersion = 1;
	classes = {
	};
	objectVersion = 56;
	objects = {

/* Begin PBXBuildFile section */
		3459E3DF29FB18F400AB7F9E /* NavtestApp.swift in Sources */ = {isa = PBXBuildFile; fileRef = 3459E3DE29FB18F400AB7F9E /* NavtestApp.swift */; };
		3459E3E129FB18F400AB7F9E /* FirstView.swift in Sources */ = {isa = PBXBuildFile; fileRef = 3459E3E029FB18F400AB7F9E /* FirstView.swift */; };
		3459E3E329FB18F400AB7F9E /* Assets.xcassets in Resources */ = {isa = PBXBuildFile; fileRef = 3459E3E229FB18F400AB7F9E /* Assets.xcassets */; };
		3459E3E629FB18F400AB7F9E /* Preview Assets.xcassets in Resources */ = {isa = PBXBuildFile; fileRef = 3459E3E529FB18F400AB7F9E /* Preview Assets.xcassets */; };
		3459E3ED29FB1C8800AB7F9E /* SecondView.swift in Sources */ = {isa = PBXBuildFile; fileRef = 3459E3EC29FB1C8800AB7F9E /* SecondView.swift */; };
		3459E3EF29FB1C9100AB7F9E /* ThirdView.swift in Sources */ = {isa = PBXBuildFile; fileRef = 3459E3EE29FB1C9100AB7F9E /* ThirdView.swift */; };
		3459E3F329FB447F00AB7F9E /* FourthView.swift in Sources */ = {isa = PBXBuildFile; fileRef = 3459E3F229FB447F00AB7F9E /* FourthView.swift */; };
		3459E3F529FB479F00AB7F9E /* FifthView.swift in Sources */ = {isa = PBXBuildFile; fileRef = 3459E3F429FB479F00AB7F9E /* FifthView.swift */; };
		3459E3F929FF1A5600AB7F9E /* TitleFormat.swift in Sources */ = {isa = PBXBuildFile; fileRef = 3459E3F829FF1A5600AB7F9E /* TitleFormat.swift */; };
		3459E3FC2A0875EF00AB7F9E /* ToolbarView.swift in Sources */ = {isa = PBXBuildFile; fileRef = 3459E3FB2A0875EF00AB7F9E /* ToolbarView.swift */; };
		3459E3FE2A0D867600AB7F9E /* GadientBar.swift in Sources */ = {isa = PBXBuildFile; fileRef = 3459E3FD2A0D867600AB7F9E /* GadientBar.swift */; };
		3459E4002A0ECE2500AB7F9E /* NavigationBarColor.swift in Sources */ = {isa = PBXBuildFile; fileRef = 3459E3FF2A0ECE2500AB7F9E /* NavigationBarColor.swift */; };
/* End PBXBuildFile section */

/* Begin PBXFileReference section */
		3459E3DB29FB18F400AB7F9E /* Navtest.app */ = {isa = PBXFileReference; explicitFileType = wrapper.application; includeInIndex = 0; path = Navtest.app; sourceTree = BUILT_PRODUCTS_DIR; };
		3459E3DE29FB18F400AB7F9E /* NavtestApp.swift */ = {isa = PBXFileReference; lastKnownFileType = sourcecode.swift; path = NavtestApp.swift; sourceTree = "<group>"; };
		3459E3E029FB18F400AB7F9E /* FirstView.swift */ = {isa = PBXFileReference; lastKnownFileType = sourcecode.swift; path = FirstView.swift; sourceTree = "<group>"; };
		3459E3E229FB18F400AB7F9E /* Assets.xcassets */ = {isa = PBXFileReference; lastKnownFileType = folder.assetcatalog; path = Assets.xcassets; sourceTree = "<group>"; };
		3459E3E529FB18F400AB7F9E /* Preview Assets.xcassets */ = {isa = PBXFileReference; lastKnownFileType = folder.assetcatalog; path = "Preview Assets.xcassets"; sourceTree = "<group>"; };
		3459E3EC29FB1C8800AB7F9E /* SecondView.swift */ = {isa = PBXFileReference; lastKnownFileType = sourcecode.swift; path = SecondView.swift; sourceTree = "<group>"; };
		3459E3EE29FB1C9100AB7F9E /* ThirdView.swift */ = {isa = PBXFileReference; lastKnownFileType = sourcecode.swift; path = ThirdView.swift; sourceTree = "<group>"; };
		3459E3F229FB447F00AB7F9E /* FourthView.swift */ = {isa = PBXFileReference; lastKnownFileType = sourcecode.swift; path = FourthView.swift; sourceTree = "<group>"; };
		3459E3F429FB479F00AB7F9E /* FifthView.swift */ = {isa = PBXFileReference; lastKnownFileType = sourcecode.swift; path = FifthView.swift; sourceTree = "<group>"; };
		3459E3F729FB683C00AB7F9E /* Info.plist */ = {isa = PBXFileReference; lastKnownFileType = text.plist; path = Info.plist; sourceTree = "<group>"; };
		3459E3F829FF1A5600AB7F9E /* TitleFormat.swift */ = {isa = PBXFileReference; lastKnownFileType = sourcecode.swift; path = TitleFormat.swift; sourceTree = "<group>"; };
		3459E3FB2A0875EF00AB7F9E /* ToolbarView.swift */ = {isa = PBXFileReference; lastKnownFileType = sourcecode.swift; path = ToolbarView.swift; sourceTree = "<group>"; };
		3459E3FD2A0D867600AB7F9E /* GadientBar.swift */ = {isa = PBXFileReference; lastKnownFileType = sourcecode.swift; path = GadientBar.swift; sourceTree = "<group>"; };
		3459E3FF2A0ECE2500AB7F9E /* NavigationBarColor.swift */ = {isa = PBXFileReference; lastKnownFileType = sourcecode.swift; path = NavigationBarColor.swift; sourceTree = "<group>"; };
/* End PBXFileReference section */

/* Begin PBXFrameworksBuildPhase section */
		3459E3D829FB18F400AB7F9E /* Frameworks */ = {
			isa = PBXFrameworksBuildPhase;
			buildActionMask = 2147483647;
			files = (
			);
			runOnlyForDeploymentPostprocessing = 0;
		};
/* End PBXFrameworksBuildPhase section */

/* Begin PBXGroup section */
		3459E3D229FB18F400AB7F9E = {
			isa = PBXGroup;
			children = (
				3459E3DD29FB18F400AB7F9E /* Navtest */,
				3459E3DC29FB18F400AB7F9E /* Products */,
			);
			sourceTree = "<group>";
		};
		3459E3DC29FB18F400AB7F9E /* Products */ = {
			isa = PBXGroup;
			children = (
				3459E3DB29FB18F400AB7F9E /* Navtest.app */,
			);
			name = Products;
			sourceTree = "<group>";
		};
		3459E3DD29FB18F400AB7F9E /* Navtest */ = {
			isa = PBXGroup;
			children = (
				3459E3F729FB683C00AB7F9E /* Info.plist */,
				3459E3DE29FB18F400AB7F9E /* NavtestApp.swift */,
				3459E3E029FB18F400AB7F9E /* FirstView.swift */,
				3459E3EC29FB1C8800AB7F9E /* SecondView.swift */,
				3459E3EE29FB1C9100AB7F9E /* ThirdView.swift */,
				3459E3F229FB447F00AB7F9E /* FourthView.swift */,
				3459E3F429FB479F00AB7F9E /* FifthView.swift */,
				3459E3FA2A08759A00AB7F9E /* Helper files */,
				3459E3E229FB18F400AB7F9E /* Assets.xcassets */,
				3459E3E429FB18F400AB7F9E /* Preview Content */,
				3459E3F829FF1A5600AB7F9E /* TitleFormat.swift */,
				3459E3FD2A0D867600AB7F9E /* GadientBar.swift */,
				3459E3FF2A0ECE2500AB7F9E /* NavigationBarColor.swift */,
			);
			path = Navtest;
			sourceTree = "<group>";
		};
		3459E3E429FB18F400AB7F9E /* Preview Content */ = {
			isa = PBXGroup;
			children = (
				3459E3E529FB18F400AB7F9E /* Preview Assets.xcassets */,
			);
			path = "Preview Content";
			sourceTree = "<group>";
		};
		3459E3FA2A08759A00AB7F9E /* Helper files */ = {
			isa = PBXGroup;
			children = (
				3459E3FB2A0875EF00AB7F9E /* ToolbarView.swift */,
			);
			path = "Helper files";
			sourceTree = "<group>";
		};
/* End PBXGroup section */

/* Begin PBXNativeTarget section */
		3459E3DA29FB18F400AB7F9E /* Navtest */ = {
			isa = PBXNativeTarget;
			buildConfigurationList = 3459E3E929FB18F400AB7F9E /* Build configuration list for PBXNativeTarget "Navtest" */;
			buildPhases = (
				3459E3D729FB18F400AB7F9E /* Sources */,
				3459E3D829FB18F400AB7F9E /* Frameworks */,
				3459E3D929FB18F400AB7F9E /* Resources */,
			);
			buildRules = (
			);
			dependencies = (
			);
			name = Navtest;
			productName = Navtest;
			productReference = 3459E3DB29FB18F400AB7F9E /* Navtest.app */;
			productType = "com.apple.product-type.application";
		};
/* End PBXNativeTarget section */

/* Begin PBXProject section */
		3459E3D329FB18F400AB7F9E /* Project object */ = {
			isa = PBXProject;
			attributes = {
				BuildIndependentTargetsInParallel = 1;
				LastSwiftUpdateCheck = 1430;
				LastUpgradeCheck = 1430;
				TargetAttributes = {
					3459E3DA29FB18F400AB7F9E = {
						CreatedOnToolsVersion = 14.3;
					};
				};
			};
			buildConfigurationList = 3459E3D629FB18F400AB7F9E /* Build configuration list for PBXProject "Navtest" */;
			compatibilityVersion = "Xcode 14.0";
			developmentRegion = en;
			hasScannedForEncodings = 0;
			knownRegions = (
				en,
				Base,
			);
			mainGroup = 3459E3D229FB18F400AB7F9E;
			productRefGroup = 3459E3DC29FB18F400AB7F9E /* Products */;
			projectDirPath = "";
			projectRoot = "";
			targets = (
				3459E3DA29FB18F400AB7F9E /* Navtest */,
			);
		};
/* End PBXProject section */

/* Begin PBXResourcesBuildPhase section */
		3459E3D929FB18F400AB7F9E /* Resources */ = {
			isa = PBXResourcesBuildPhase;
			buildActionMask = 2147483647;
			files = (
				3459E3E629FB18F400AB7F9E /* Preview Assets.xcassets in Resources */,
				3459E3E329FB18F400AB7F9E /* Assets.xcassets in Resources */,
			);
			runOnlyForDeploymentPostprocessing = 0;
		};
/* End PBXResourcesBuildPhase section */

/* Begin PBXSourcesBuildPhase section */
		3459E3D729FB18F400AB7F9E /* Sources */ = {
			isa = PBXSourcesBuildPhase;
			buildActionMask = 2147483647;
			files = (
				3459E3ED29FB1C8800AB7F9E /* SecondView.swift in Sources */,
				3459E3EF29FB1C9100AB7F9E /* ThirdView.swift in Sources */,
				3459E3F929FF1A5600AB7F9E /* TitleFormat.swift in Sources */,
				3459E3FC2A0875EF00AB7F9E /* ToolbarView.swift in Sources */,
				3459E3FE2A0D867600AB7F9E /* GadientBar.swift in Sources */,
				3459E4002A0ECE2500AB7F9E /* NavigationBarColor.swift in Sources */,
				3459E3E129FB18F400AB7F9E /* FirstView.swift in Sources */,
				3459E3F329FB447F00AB7F9E /* FourthView.swift in Sources */,
				3459E3F529FB479F00AB7F9E /* FifthView.swift in Sources */,
				3459E3DF29FB18F400AB7F9E /* NavtestApp.swift in Sources */,
			);
			runOnlyForDeploymentPostprocessing = 0;
		};
/* End PBXSourcesBuildPhase section */

/* Begin XCBuildConfiguration section */
		3459E3E729FB18F400AB7F9E /* Debug */ = {
			isa = XCBuildConfiguration;
			buildSettings = {
				ALWAYS_SEARCH_USER_PATHS = NO;
				CLANG_ANALYZER_NONNULL = YES;
				CLANG_ANALYZER_NUMBER_OBJECT_CONVERSION = YES_AGGRESSIVE;
				CLANG_CXX_LANGUAGE_STANDARD = "gnu++20";
				CLANG_ENABLE_MODULES = YES;
				CLANG_ENABLE_OBJC_ARC = YES;
				CLANG_ENABLE_OBJC_WEAK = YES;
				CLANG_WARN_BLOCK_CAPTURE_AUTORELEASING = YES;
				CLANG_WARN_BOOL_CONVERSION = YES;
				CLANG_WARN_COMMA = YES;
				CLANG_WARN_CONSTANT_CONVERSION = YES;
				CLANG_WARN_DEPRECATED_OBJC_IMPLEMENTATIONS = YES;
				CLANG_WARN_DIRECT_OBJC_ISA_USAGE = YES_ERROR;
				CLANG_WARN_DOCUMENTATION_COMMENTS = YES;
				CLANG_WARN_EMPTY_BODY = YES;
				CLANG_WARN_ENUM_CONVERSION = YES;
				CLANG_WARN_INFINITE_RECURSION = YES;
				CLANG_WARN_INT_CONVERSION = YES;
				CLANG_WARN_NON_LITERAL_NULL_CONVERSION = YES;
				CLANG_WARN_OBJC_IMPLICIT_RETAIN_SELF = YES;
				CLANG_WARN_OBJC_LITERAL_CONVERSION = YES;
				CLANG_WARN_OBJC_ROOT_CLASS = YES_ERROR;
				CLANG_WARN_QUOTED_INCLUDE_IN_FRAMEWORK_HEADER = YES;
				CLANG_WARN_RANGE_LOOP_ANALYSIS = YES;
				CLANG_WARN_STRICT_PROTOTYPES = YES;
				CLANG_WARN_SUSPICIOUS_MOVE = YES;
				CLANG_WARN_UNGUARDED_AVAILABILITY = YES_AGGRESSIVE;
				CLANG_WARN_UNREACHABLE_CODE = YES;
				CLANG_WARN__DUPLICATE_METHOD_MATCH = YES;
				COPY_PHASE_STRIP = NO;
				DEBUG_INFORMATION_FORMAT = dwarf;
				ENABLE_STRICT_OBJC_MSGSEND = YES;
				ENABLE_TESTABILITY = YES;
				GCC_C_LANGUAGE_STANDARD = gnu11;
				GCC_DYNAMIC_NO_PIC = NO;
				GCC_NO_COMMON_BLOCKS = YES;
				GCC_OPTIMIZATION_LEVEL = 0;
				GCC_PREPROCESSOR_DEFINITIONS = (
					"DEBUG=1",
					"$(inherited)",
				);
				GCC_WARN_64_TO_32_BIT_CONVERSION = YES;
				GCC_WARN_ABOUT_RETURN_TYPE = YES_ERROR;
				GCC_WARN_UNDECLARED_SELECTOR = YES;
				GCC_WARN_UNINITIALIZED_AUTOS = YES_AGGRESSIVE;
				GCC_WARN_UNUSED_FUNCTION = YES;
				GCC_WARN_UNUSED_VARIABLE = YES;
				IPHONEOS_DEPLOYMENT_TARGET = 16.4;
				MTL_ENABLE_DEBUG_INFO = INCLUDE_SOURCE;
				MTL_FAST_MATH = YES;
				ONLY_ACTIVE_ARCH = YES;
				SDKROOT = iphoneos;
				SWIFT_ACTIVE_COMPILATION_CONDITIONS = DEBUG;
				SWIFT_OPTIMIZATION_LEVEL = "-Onone";
			};
			name = Debug;
		};
		3459E3E829FB18F400AB7F9E /* Release */ = {
			isa = XCBuildConfiguration;
			buildSettings = {
				ALWAYS_SEARCH_USER_PATHS = NO;
				CLANG_ANALYZER_NONNULL = YES;
				CLANG_ANALYZER_NUMBER_OBJECT_CONVERSION = YES_AGGRESSIVE;
				CLANG_CXX_LANGUAGE_STANDARD = "gnu++20";
				CLANG_ENABLE_MODULES = YES;
				CLANG_ENABLE_OBJC_ARC = YES;
				CLANG_ENABLE_OBJC_WEAK = YES;
				CLANG_WARN_BLOCK_CAPTURE_AUTORELEASING = YES;
				CLANG_WARN_BOOL_CONVERSION = YES;
				CLANG_WARN_COMMA = YES;
				CLANG_WARN_CONSTANT_CONVERSION = YES;
				CLANG_WARN_DEPRECATED_OBJC_IMPLEMENTATIONS = YES;
				CLANG_WARN_DIRECT_OBJC_ISA_USAGE = YES_ERROR;
				CLANG_WARN_DOCUMENTATION_COMMENTS = YES;
				CLANG_WARN_EMPTY_BODY = YES;
				CLANG_WARN_ENUM_CONVERSION = YES;
				CLANG_WARN_INFINITE_RECURSION = YES;
				CLANG_WARN_INT_CONVERSION = YES;
				CLANG_WARN_NON_LITERAL_NULL_CONVERSION = YES;
				CLANG_WARN_OBJC_IMPLICIT_RETAIN_SELF = YES;
				CLANG_WARN_OBJC_LITERAL_CONVERSION = YES;
				CLANG_WARN_OBJC_ROOT_CLASS = YES_ERROR;
				CLANG_WARN_QUOTED_INCLUDE_IN_FRAMEWORK_HEADER = YES;
				CLANG_WARN_RANGE_LOOP_ANALYSIS = YES;
				CLANG_WARN_STRICT_PROTOTYPES = YES;
				CLANG_WARN_SUSPICIOUS_MOVE = YES;
				CLANG_WARN_UNGUARDED_AVAILABILITY = YES_AGGRESSIVE;
				CLANG_WARN_UNREACHABLE_CODE = YES;
				CLANG_WARN__DUPLICATE_METHOD_MATCH = YES;
				COPY_PHASE_STRIP = NO;
				DEBUG_INFORMATION_FORMAT = "dwarf-with-dsym";
				ENABLE_NS_ASSERTIONS = NO;
				ENABLE_STRICT_OBJC_MSGSEND = YES;
				GCC_C_LANGUAGE_STANDARD = gnu11;
				GCC_NO_COMMON_BLOCKS = YES;
				GCC_WARN_64_TO_32_BIT_CONVERSION = YES;
				GCC_WARN_ABOUT_RETURN_TYPE = YES_ERROR;
				GCC_WARN_UNDECLARED_SELECTOR = YES;
				GCC_WARN_UNINITIALIZED_AUTOS = YES_AGGRESSIVE;
				GCC_WARN_UNUSED_FUNCTION = YES;
				GCC_WARN_UNUSED_VARIABLE = YES;
				IPHONEOS_DEPLOYMENT_TARGET = 16.4;
				MTL_ENABLE_DEBUG_INFO = NO;
				MTL_FAST_MATH = YES;
				SDKROOT = iphoneos;
				SWIFT_COMPILATION_MODE = wholemodule;
				SWIFT_OPTIMIZATION_LEVEL = "-O";
				VALIDATE_PRODUCT = YES;
			};
			name = Release;
		};
		3459E3EA29FB18F400AB7F9E /* Debug */ = {
			isa = XCBuildConfiguration;
			buildSettings = {
				ASSETCATALOG_COMPILER_APPICON_NAME = AppIcon;
				ASSETCATALOG_COMPILER_GLOBAL_ACCENT_COLOR_NAME = AccentColor;
				CODE_SIGN_STYLE = Automatic;
				CURRENT_PROJECT_VERSION = 1;
				DEVELOPMENT_ASSET_PATHS = "\"Navtest/Preview Content\"";
				ENABLE_PREVIEWS = YES;
				GENERATE_INFOPLIST_FILE = YES;
				INFOPLIST_FILE = Navtest/Info.plist;
				INFOPLIST_KEY_UIApplicationSceneManifest_Generation = YES;
				INFOPLIST_KEY_UIApplicationSupportsIndirectInputEvents = YES;
				INFOPLIST_KEY_UILaunchScreen_Generation = YES;
				INFOPLIST_KEY_UISupportedInterfaceOrientations_iPad = "UIInterfaceOrientationPortrait UIInterfaceOrientationPortraitUpsideDown UIInterfaceOrientationLandscapeLeft UIInterfaceOrientationLandscapeRight";
				INFOPLIST_KEY_UISupportedInterfaceOrientations_iPhone = "UIInterfaceOrientationPortrait UIInterfaceOrientationLandscapeLeft UIInterfaceOrientationLandscapeRight";
				LD_RUNPATH_SEARCH_PATHS = (
					"$(inherited)",
					"@executable_path/Frameworks",
				);
				MARKETING_VERSION = 1.0;
				PRODUCT_BUNDLE_IDENTIFIER = "Todd-Myers.Navtest";
				PRODUCT_NAME = "$(TARGET_NAME)";
				SWIFT_EMIT_LOC_STRINGS = YES;
				SWIFT_VERSION = 5.0;
				TARGETED_DEVICE_FAMILY = "1,2";
			};
			name = Debug;
		};
		3459E3EB29FB18F400AB7F9E /* Release */ = {
			isa = XCBuildConfiguration;
			buildSettings = {
				ASSETCATALOG_COMPILER_APPICON_NAME = AppIcon;
				ASSETCATALOG_COMPILER_GLOBAL_ACCENT_COLOR_NAME = AccentColor;
				CODE_SIGN_STYLE = Automatic;
				CURRENT_PROJECT_VERSION = 1;
				DEVELOPMENT_ASSET_PATHS = "\"Navtest/Preview Content\"";
				ENABLE_PREVIEWS = YES;
				GENERATE_INFOPLIST_FILE = YES;
				INFOPLIST_FILE = Navtest/Info.plist;
				INFOPLIST_KEY_UIApplicationSceneManifest_Generation = YES;
				INFOPLIST_KEY_UIApplicationSupportsIndirectInputEvents = YES;
				INFOPLIST_KEY_UILaunchScreen_Generation = YES;
				INFOPLIST_KEY_UISupportedInterfaceOrientations_iPad = "UIInterfaceOrientationPortrait UIInterfaceOrientationPortraitUpsideDown UIInterfaceOrientationLandscapeLeft UIInterfaceOrientationLandscapeRight";
				INFOPLIST_KEY_UISupportedInterfaceOrientations_iPhone = "UIInterfaceOrientationPortrait UIInterfaceOrientationLandscapeLeft UIInterfaceOrientationLandscapeRight";
				LD_RUNPATH_SEARCH_PATHS = (
					"$(inherited)",
					"@executable_path/Frameworks",
				);
				MARKETING_VERSION = 1.0;
				PRODUCT_BUNDLE_IDENTIFIER = "Todd-Myers.Navtest";
				PRODUCT_NAME = "$(TARGET_NAME)";
				SWIFT_EMIT_LOC_STRINGS = YES;
				SWIFT_VERSION = 5.0;
				TARGETED_DEVICE_FAMILY = "1,2";
			};
			name = Release;
		};
/* End XCBuildConfiguration section */

/* Begin XCConfigurationList section */
		3459E3D629FB18F400AB7F9E /* Build configuration list for PBXProject "Navtest" */ = {
			isa = XCConfigurationList;
			buildConfigurations = (
				3459E3E729FB18F400AB7F9E /* Debug */,
				3459E3E829FB18F400AB7F9E /* Release */,
			);
			defaultConfigurationIsVisible = 0;
			defaultConfigurationName = Release;
		};
		3459E3E929FB18F400AB7F9E /* Build configuration list for PBXNativeTarget "Navtest" */ = {
			isa = XCConfigurationList;
			buildConfigurations = (
				3459E3EA29FB18F400AB7F9E /* Debug */,
				3459E3EB29FB18F400AB7F9E /* Release */,
			);
			defaultConfigurationIsVisible = 0;
			defaultConfigurationName = Release;
		};
/* End XCConfigurationList section */
	};
	rootObject = 3459E3D329FB18F400AB7F9E /* Project object */;
}
